// !$*UTF8*$!
{
	archiveVersion = 1;
	classes = {
	};
	objectVersion = 48;
	objects = {

/* Begin PBXBuildFile section */
		593BA554208D71B400660098 /* YFPickerView.m in Sources */ = {isa = PBXBuildFile; fileRef = 593BA54F208D71B300660098 /* YFPickerView.m */; };
		593BA559208D788200660098 /* YFPickerViewVC.m in Sources */ = {isa = PBXBuildFile; fileRef = 593BA558208D788200660098 /* YFPickerViewVC.m */; };
		593BA55C208D7ABF00660098 /* YFSinglePickerView.m in Sources */ = {isa = PBXBuildFile; fileRef = 593BA55B208D7ABE00660098 /* YFSinglePickerView.m */; };
		593BA55F208D7ACE00660098 /* YFDoublePickerView.m in Sources */ = {isa = PBXBuildFile; fileRef = 593BA55E208D7ACE00660098 /* YFDoublePickerView.m */; };
		593BA562208D7ED200660098 /* YFThreePickerView.m in Sources */ = {isa = PBXBuildFile; fileRef = 593BA561208D7ED200660098 /* YFThreePickerView.m */; };
		59549FC1208AC9C000BC1594 /* UIView+Extension.m in Sources */ = {isa = PBXBuildFile; fileRef = 59549FBF208AC9C000BC1594 /* UIView+Extension.m */; };
		59796980208B0F27003E07E6 /* YFIndexIndicatorView.m in Sources */ = {isa = PBXBuildFile; fileRef = 5979697D208B0F27003E07E6 /* YFIndexIndicatorView.m */; };
		59796981208B0F27003E07E6 /* IndexIndicatorCell.m in Sources */ = {isa = PBXBuildFile; fileRef = 5979697F208B0F27003E07E6 /* IndexIndicatorCell.m */; };
		59796986208B0F76003E07E6 /* YFBasePageVC.m in Sources */ = {isa = PBXBuildFile; fileRef = 59796983208B0F76003E07E6 /* YFBasePageVC.m */; };
		59796987208B0F76003E07E6 /* YFPageViewController.m in Sources */ = {isa = PBXBuildFile; fileRef = 59796984208B0F76003E07E6 /* YFPageViewController.m */; };
		5979698A208B0FBB003E07E6 /* YFPageViewControllerVC.m in Sources */ = {isa = PBXBuildFile; fileRef = 59796989208B0FBB003E07E6 /* YFPageViewControllerVC.m */; };
		59796991208B1E08003E07E6 /* YLGIFImage.m in Sources */ = {isa = PBXBuildFile; fileRef = 5979698D208B1E08003E07E6 /* YLGIFImage.m */; };
		59796992208B1E08003E07E6 /* YLImageView.m in Sources */ = {isa = PBXBuildFile; fileRef = 59796990208B1E08003E07E6 /* YLImageView.m */; };
		59796995208B1E0D003E07E6 /* YFProgressHUD.m in Sources */ = {isa = PBXBuildFile; fileRef = 59796993208B1E0D003E07E6 /* YFProgressHUD.m */; };
		59796999208B1E7B003E07E6 /* YFProgressHUDVC.m in Sources */ = {isa = PBXBuildFile; fileRef = 59796998208B1E7B003E07E6 /* YFProgressHUDVC.m */; };
		597969A3208B1E98003E07E6 /* loading_triangle@2x.png in Resources */ = {isa = PBXBuildFile; fileRef = 5979699B208B1E98003E07E6 /* loading_triangle@2x.png */; };
		597969A4208B1E98003E07E6 /* loading_triangle@3x.png in Resources */ = {isa = PBXBuildFile; fileRef = 5979699C208B1E98003E07E6 /* loading_triangle@3x.png */; };
		597969A5208B1E98003E07E6 /* loading_square@2x.png in Resources */ = {isa = PBXBuildFile; fileRef = 5979699D208B1E98003E07E6 /* loading_square@2x.png */; };
		597969A6208B1E98003E07E6 /* loading_circle@3x.png in Resources */ = {isa = PBXBuildFile; fileRef = 5979699E208B1E98003E07E6 /* loading_circle@3x.png */; };
		597969A7208B1E98003E07E6 /* loading_circle@2x.png in Resources */ = {isa = PBXBuildFile; fileRef = 5979699F208B1E98003E07E6 /* loading_circle@2x.png */; };
		597969A8208B1E98003E07E6 /* loading_square@3x.png in Resources */ = {isa = PBXBuildFile; fileRef = 597969A0208B1E98003E07E6 /* loading_square@3x.png */; };
		597969A9208B1E98003E07E6 /* loading_shadow@2x.png in Resources */ = {isa = PBXBuildFile; fileRef = 597969A1208B1E98003E07E6 /* loading_shadow@2x.png */; };
		597969AA208B1E98003E07E6 /* loading_shadow@3x.png in Resources */ = {isa = PBXBuildFile; fileRef = 597969A2208B1E98003E07E6 /* loading_shadow@3x.png */; };
		59A32652208997C10007EF26 /* AppDelegate.m in Sources */ = {isa = PBXBuildFile; fileRef = 59A32651208997C10007EF26 /* AppDelegate.m */; };
		59A32655208997C10007EF26 /* ViewController.m in Sources */ = {isa = PBXBuildFile; fileRef = 59A32654208997C10007EF26 /* ViewController.m */; };
		59A32658208997C10007EF26 /* Main.storyboard in Resources */ = {isa = PBXBuildFile; fileRef = 59A32656208997C10007EF26 /* Main.storyboard */; };
		59A3265A208997C10007EF26 /* Assets.xcassets in Resources */ = {isa = PBXBuildFile; fileRef = 59A32659208997C10007EF26 /* Assets.xcassets */; };
		59A3265D208997C10007EF26 /* LaunchScreen.storyboard in Resources */ = {isa = PBXBuildFile; fileRef = 59A3265B208997C10007EF26 /* LaunchScreen.storyboard */; };
		59A32660208997C10007EF26 /* main.m in Sources */ = {isa = PBXBuildFile; fileRef = 59A3265F208997C10007EF26 /* main.m */; };
		59A3266A208997F90007EF26 /* YFCollectionViewAutoFlowLayout.m in Sources */ = {isa = PBXBuildFile; fileRef = 59A32669208997F90007EF26 /* YFCollectionViewAutoFlowLayout.m */; };
		59A3266D20899B3E0007EF26 /* ToolList.plist in Resources */ = {isa = PBXBuildFile; fileRef = 59A3266C20899B3E0007EF26 /* ToolList.plist */; };
		59A3267120899BFA0007EF26 /* YFCollectionViewAutoFlowLayoutVC.m in Sources */ = {isa = PBXBuildFile; fileRef = 59A3267020899BFA0007EF26 /* YFCollectionViewAutoFlowLayoutVC.m */; };
		59A3267820899C460007EF26 /* HeaderReusableView.m in Sources */ = {isa = PBXBuildFile; fileRef = 59A3267420899C460007EF26 /* HeaderReusableView.m */; };
		59A3267A20899C460007EF26 /* KindCollectionViewCell.m in Sources */ = {isa = PBXBuildFile; fileRef = 59A3267720899C460007EF26 /* KindCollectionViewCell.m */; };
		DAD4FCE579CD10020BF2B11D /* libPods-YFTool.a in Frameworks */ = {isa = PBXBuildFile; fileRef = F2F9CE25B3F1F698411C967C /* libPods-YFTool.a */; };
/* End PBXBuildFile section */

/* Begin PBXFileReference section */
		593BA54B208D71B300660098 /* YFPickerView.h */ = {isa = PBXFileReference; fileEncoding = 4; lastKnownFileType = sourcecode.c.h; path = YFPickerView.h; sourceTree = "<group>"; };
		593BA54F208D71B300660098 /* YFPickerView.m */ = {isa = PBXFileReference; fileEncoding = 4; lastKnownFileType = sourcecode.c.objc; path = YFPickerView.m; sourceTree = "<group>"; };
		593BA555208D72FB00660098 /* Define.h */ = {isa = PBXFileReference; lastKnownFileType = sourcecode.c.h; path = Define.h; sourceTree = "<group>"; };
		593BA557208D788200660098 /* YFPickerViewVC.h */ = {isa = PBXFileReference; lastKnownFileType = sourcecode.c.h; path = YFPickerViewVC.h; sourceTree = "<group>"; };
		593BA558208D788200660098 /* YFPickerViewVC.m */ = {isa = PBXFileReference; lastKnownFileType = sourcecode.c.objc; path = YFPickerViewVC.m; sourceTree = "<group>"; };
		593BA55A208D7ABE00660098 /* YFSinglePickerView.h */ = {isa = PBXFileReference; lastKnownFileType = sourcecode.c.h; path = YFSinglePickerView.h; sourceTree = "<group>"; };
		593BA55B208D7ABE00660098 /* YFSinglePickerView.m */ = {isa = PBXFileReference; lastKnownFileType = sourcecode.c.objc; path = YFSinglePickerView.m; sourceTree = "<group>"; };
		593BA55D208D7ACE00660098 /* YFDoublePickerView.h */ = {isa = PBXFileReference; lastKnownFileType = sourcecode.c.h; path = YFDoublePickerView.h; sourceTree = "<group>"; };
		593BA55E208D7ACE00660098 /* YFDoublePickerView.m */ = {isa = PBXFileReference; lastKnownFileType = sourcecode.c.objc; path = YFDoublePickerView.m; sourceTree = "<group>"; };
		593BA560208D7ED200660098 /* YFThreePickerView.h */ = {isa = PBXFileReference; lastKnownFileType = sourcecode.c.h; path = YFThreePickerView.h; sourceTree = "<group>"; };
		593BA561208D7ED200660098 /* YFThreePickerView.m */ = {isa = PBXFileReference; lastKnownFileType = sourcecode.c.objc; path = YFThreePickerView.m; sourceTree = "<group>"; };
		59549FBF208AC9C000BC1594 /* UIView+Extension.m */ = {isa = PBXFileReference; fileEncoding = 4; lastKnownFileType = sourcecode.c.objc; path = "UIView+Extension.m"; sourceTree = "<group>"; };
		59549FC0208AC9C000BC1594 /* UIView+Extension.h */ = {isa = PBXFileReference; fileEncoding = 4; lastKnownFileType = sourcecode.c.h; path = "UIView+Extension.h"; sourceTree = "<group>"; };
		5979697C208B0F27003E07E6 /* IndexIndicatorCell.h */ = {isa = PBXFileReference; fileEncoding = 4; lastKnownFileType = sourcecode.c.h; path = IndexIndicatorCell.h; sourceTree = "<group>"; };
		5979697D208B0F27003E07E6 /* YFIndexIndicatorView.m */ = {isa = PBXFileReference; fileEncoding = 4; lastKnownFileType = sourcecode.c.objc; path = YFIndexIndicatorView.m; sourceTree = "<group>"; };
		5979697E208B0F27003E07E6 /* YFIndexIndicatorView.h */ = {isa = PBXFileReference; fileEncoding = 4; lastKnownFileType = sourcecode.c.h; path = YFIndexIndicatorView.h; sourceTree = "<group>"; };
		5979697F208B0F27003E07E6 /* IndexIndicatorCell.m */ = {isa = PBXFileReference; fileEncoding = 4; lastKnownFileType = sourcecode.c.objc; path = IndexIndicatorCell.m; sourceTree = "<group>"; };
		59796982208B0F76003E07E6 /* YFBasePageVC.h */ = {isa = PBXFileReference; fileEncoding = 4; lastKnownFileType = sourcecode.c.h; path = YFBasePageVC.h; sourceTree = "<group>"; };
		59796983208B0F76003E07E6 /* YFBasePageVC.m */ = {isa = PBXFileReference; fileEncoding = 4; lastKnownFileType = sourcecode.c.objc; path = YFBasePageVC.m; sourceTree = "<group>"; };
		59796984208B0F76003E07E6 /* YFPageViewController.m */ = {isa = PBXFileReference; fileEncoding = 4; lastKnownFileType = sourcecode.c.objc; path = YFPageViewController.m; sourceTree = "<group>"; };
		59796985208B0F76003E07E6 /* YFPageViewController.h */ = {isa = PBXFileReference; fileEncoding = 4; lastKnownFileType = sourcecode.c.h; path = YFPageViewController.h; sourceTree = "<group>"; };
		59796988208B0FBB003E07E6 /* YFPageViewControllerVC.h */ = {isa = PBXFileReference; lastKnownFileType = sourcecode.c.h; path = YFPageViewControllerVC.h; sourceTree = "<group>"; };
		59796989208B0FBB003E07E6 /* YFPageViewControllerVC.m */ = {isa = PBXFileReference; lastKnownFileType = sourcecode.c.objc; path = YFPageViewControllerVC.m; sourceTree = "<group>"; };
		5979698D208B1E08003E07E6 /* YLGIFImage.m */ = {isa = PBXFileReference; fileEncoding = 4; lastKnownFileType = sourcecode.c.objc; path = YLGIFImage.m; sourceTree = "<group>"; };
		5979698E208B1E08003E07E6 /* YLImageView.h */ = {isa = PBXFileReference; fileEncoding = 4; lastKnownFileType = sourcecode.c.h; path = YLImageView.h; sourceTree = "<group>"; };
		5979698F208B1E08003E07E6 /* YLGIFImage.h */ = {isa = PBXFileReference; fileEncoding = 4; lastKnownFileType = sourcecode.c.h; path = YLGIFImage.h; sourceTree = "<group>"; };
		59796990208B1E08003E07E6 /* YLImageView.m */ = {isa = PBXFileReference; fileEncoding = 4; lastKnownFileType = sourcecode.c.objc; path = YLImageView.m; sourceTree = "<group>"; };
		59796993208B1E0D003E07E6 /* YFProgressHUD.m */ = {isa = PBXFileReference; fileEncoding = 4; lastKnownFileType = sourcecode.c.objc; path = YFProgressHUD.m; sourceTree = "<group>"; };
		59796994208B1E0D003E07E6 /* YFProgressHUD.h */ = {isa = PBXFileReference; fileEncoding = 4; lastKnownFileType = sourcecode.c.h; path = YFProgressHUD.h; sourceTree = "<group>"; };
		59796997208B1E7B003E07E6 /* YFProgressHUDVC.h */ = {isa = PBXFileReference; lastKnownFileType = sourcecode.c.h; path = YFProgressHUDVC.h; sourceTree = "<group>"; };
		59796998208B1E7B003E07E6 /* YFProgressHUDVC.m */ = {isa = PBXFileReference; lastKnownFileType = sourcecode.c.objc; path = YFProgressHUDVC.m; sourceTree = "<group>"; };
		5979699B208B1E98003E07E6 /* loading_triangle@2x.png */ = {isa = PBXFileReference; lastKnownFileType = image.png; path = "loading_triangle@2x.png"; sourceTree = "<group>"; };
		5979699C208B1E98003E07E6 /* loading_triangle@3x.png */ = {isa = PBXFileReference; lastKnownFileType = image.png; path = "loading_triangle@3x.png"; sourceTree = "<group>"; };
		5979699D208B1E98003E07E6 /* loading_square@2x.png */ = {isa = PBXFileReference; lastKnownFileType = image.png; path = "loading_square@2x.png"; sourceTree = "<group>"; };
		5979699E208B1E98003E07E6 /* loading_circle@3x.png */ = {isa = PBXFileReference; lastKnownFileType = image.png; path = "loading_circle@3x.png"; sourceTree = "<group>"; };
		5979699F208B1E98003E07E6 /* loading_circle@2x.png */ = {isa = PBXFileReference; lastKnownFileType = image.png; path = "loading_circle@2x.png"; sourceTree = "<group>"; };
		597969A0208B1E98003E07E6 /* loading_square@3x.png */ = {isa = PBXFileReference; lastKnownFileType = image.png; path = "loading_square@3x.png"; sourceTree = "<group>"; };
		597969A1208B1E98003E07E6 /* loading_shadow@2x.png */ = {isa = PBXFileReference; lastKnownFileType = image.png; path = "loading_shadow@2x.png"; sourceTree = "<group>"; };
		597969A2208B1E98003E07E6 /* loading_shadow@3x.png */ = {isa = PBXFileReference; lastKnownFileType = image.png; path = "loading_shadow@3x.png"; sourceTree = "<group>"; };
		59A3264D208997C10007EF26 /* YFTool.app */ = {isa = PBXFileReference; explicitFileType = wrapper.application; includeInIndex = 0; path = YFTool.app; sourceTree = BUILT_PRODUCTS_DIR; };
		59A32650208997C10007EF26 /* AppDelegate.h */ = {isa = PBXFileReference; lastKnownFileType = sourcecode.c.h; path = AppDelegate.h; sourceTree = "<group>"; };
		59A32651208997C10007EF26 /* AppDelegate.m */ = {isa = PBXFileReference; lastKnownFileType = sourcecode.c.objc; path = AppDelegate.m; sourceTree = "<group>"; };
		59A32653208997C10007EF26 /* ViewController.h */ = {isa = PBXFileReference; lastKnownFileType = sourcecode.c.h; path = ViewController.h; sourceTree = "<group>"; };
		59A32654208997C10007EF26 /* ViewController.m */ = {isa = PBXFileReference; lastKnownFileType = sourcecode.c.objc; path = ViewController.m; sourceTree = "<group>"; };
		59A32657208997C10007EF26 /* Base */ = {isa = PBXFileReference; lastKnownFileType = file.storyboard; name = Base; path = Base.lproj/Main.storyboard; sourceTree = "<group>"; };
		59A32659208997C10007EF26 /* Assets.xcassets */ = {isa = PBXFileReference; lastKnownFileType = folder.assetcatalog; path = Assets.xcassets; sourceTree = "<group>"; };
		59A3265C208997C10007EF26 /* Base */ = {isa = PBXFileReference; lastKnownFileType = file.storyboard; name = Base; path = Base.lproj/LaunchScreen.storyboard; sourceTree = "<group>"; };
		59A3265E208997C10007EF26 /* Info.plist */ = {isa = PBXFileReference; lastKnownFileType = text.plist.xml; path = Info.plist; sourceTree = "<group>"; };
		59A3265F208997C10007EF26 /* main.m */ = {isa = PBXFileReference; lastKnownFileType = sourcecode.c.objc; path = main.m; sourceTree = "<group>"; };
		59A32668208997F90007EF26 /* YFCollectionViewAutoFlowLayout.h */ = {isa = PBXFileReference; fileEncoding = 4; lastKnownFileType = sourcecode.c.h; path = YFCollectionViewAutoFlowLayout.h; sourceTree = "<group>"; };
		59A32669208997F90007EF26 /* YFCollectionViewAutoFlowLayout.m */ = {isa = PBXFileReference; fileEncoding = 4; lastKnownFileType = sourcecode.c.objc; path = YFCollectionViewAutoFlowLayout.m; sourceTree = "<group>"; };
		59A3266B208998170007EF26 /* YFTool.h */ = {isa = PBXFileReference; fileEncoding = 4; lastKnownFileType = sourcecode.c.h; path = YFTool.h; sourceTree = "<group>"; };
		59A3266C20899B3E0007EF26 /* ToolList.plist */ = {isa = PBXFileReference; lastKnownFileType = text.plist.xml; path = ToolList.plist; sourceTree = "<group>"; };
		59A3266F20899BFA0007EF26 /* YFCollectionViewAutoFlowLayoutVC.h */ = {isa = PBXFileReference; lastKnownFileType = sourcecode.c.h; path = YFCollectionViewAutoFlowLayoutVC.h; sourceTree = "<group>"; };
		59A3267020899BFA0007EF26 /* YFCollectionViewAutoFlowLayoutVC.m */ = {isa = PBXFileReference; lastKnownFileType = sourcecode.c.objc; path = YFCollectionViewAutoFlowLayoutVC.m; sourceTree = "<group>"; };
		59A3267220899C450007EF26 /* HeaderReusableView.h */ = {isa = PBXFileReference; fileEncoding = 4; lastKnownFileType = sourcecode.c.h; path = HeaderReusableView.h; sourceTree = "<group>"; };
		59A3267320899C460007EF26 /* KindCollectionViewCell.h */ = {isa = PBXFileReference; fileEncoding = 4; lastKnownFileType = sourcecode.c.h; path = KindCollectionViewCell.h; sourceTree = "<group>"; };
		59A3267420899C460007EF26 /* HeaderReusableView.m */ = {isa = PBXFileReference; fileEncoding = 4; lastKnownFileType = sourcecode.c.objc; path = HeaderReusableView.m; sourceTree = "<group>"; };
		59A3267720899C460007EF26 /* KindCollectionViewCell.m */ = {isa = PBXFileReference; fileEncoding = 4; lastKnownFileType = sourcecode.c.objc; path = KindCollectionViewCell.m; sourceTree = "<group>"; };
		C240DFE857EC8A07B49CBCCE /* Pods-YFTool.release.xcconfig */ = {isa = PBXFileReference; includeInIndex = 1; lastKnownFileType = text.xcconfig; name = "Pods-YFTool.release.xcconfig"; path = "Pods/Target Support Files/Pods-YFTool/Pods-YFTool.release.xcconfig"; sourceTree = "<group>"; };
		D1AA4F5163FF9CE4075765E8 /* Pods-YFTool.debug.xcconfig */ = {isa = PBXFileReference; includeInIndex = 1; lastKnownFileType = text.xcconfig; name = "Pods-YFTool.debug.xcconfig"; path = "Pods/Target Support Files/Pods-YFTool/Pods-YFTool.debug.xcconfig"; sourceTree = "<group>"; };
		F2F9CE25B3F1F698411C967C /* libPods-YFTool.a */ = {isa = PBXFileReference; explicitFileType = archive.ar; includeInIndex = 0; path = "libPods-YFTool.a"; sourceTree = BUILT_PRODUCTS_DIR; };
/* End PBXFileReference section */

/* Begin PBXFrameworksBuildPhase section */
		59A3264A208997C10007EF26 /* Frameworks */ = {
			isa = PBXFrameworksBuildPhase;
			buildActionMask = 2147483647;
			files = (
				DAD4FCE579CD10020BF2B11D /* libPods-YFTool.a in Frameworks */,
			);
			runOnlyForDeploymentPostprocessing = 0;
		};
/* End PBXFrameworksBuildPhase section */

/* Begin PBXGroup section */
		1130B0406C3DA67558565BF3 /* Frameworks */ = {
			isa = PBXGroup;
			children = (
				F2F9CE25B3F1F698411C967C /* libPods-YFTool.a */,
			);
			name = Frameworks;
			sourceTree = "<group>";
		};
		29611BCF5DC1C91568C572F1 /* Pods */ = {
			isa = PBXGroup;
			children = (
				D1AA4F5163FF9CE4075765E8 /* Pods-YFTool.debug.xcconfig */,
				C240DFE857EC8A07B49CBCCE /* Pods-YFTool.release.xcconfig */,
			);
			name = Pods;
			sourceTree = "<group>";
		};
		593BA548208D71B300660098 /* YFPickerView */ = {
			isa = PBXGroup;
			children = (
				593BA54B208D71B300660098 /* YFPickerView.h */,
				593BA54F208D71B300660098 /* YFPickerView.m */,
			);
			path = YFPickerView;
			sourceTree = "<group>";
		};
		593BA556208D786300660098 /* YFPickerViewVC */ = {
			isa = PBXGroup;
			children = (
				593BA55A208D7ABE00660098 /* YFSinglePickerView.h */,
				593BA55B208D7ABE00660098 /* YFSinglePickerView.m */,
				593BA55D208D7ACE00660098 /* YFDoublePickerView.h */,
				593BA55E208D7ACE00660098 /* YFDoublePickerView.m */,
				593BA560208D7ED200660098 /* YFThreePickerView.h */,
				593BA561208D7ED200660098 /* YFThreePickerView.m */,
				593BA557208D788200660098 /* YFPickerViewVC.h */,
				593BA558208D788200660098 /* YFPickerViewVC.m */,
			);
			path = YFPickerViewVC;
			sourceTree = "<group>";
		};
		59549FB5208AC83B00BC1594 /* YFPageViewControllerVC */ = {
			isa = PBXGroup;
			children = (
				59796988208B0FBB003E07E6 /* YFPageViewControllerVC.h */,
				59796989208B0FBB003E07E6 /* YFPageViewControllerVC.m */,
			);
			path = YFPageViewControllerVC;
			sourceTree = "<group>";
		};
		59549FB7208AC86D00BC1594 /* YFPageViewController */ = {
			isa = PBXGroup;
			children = (
				59796982208B0F76003E07E6 /* YFBasePageVC.h */,
				59796983208B0F76003E07E6 /* YFBasePageVC.m */,
				59796985208B0F76003E07E6 /* YFPageViewController.h */,
				59796984208B0F76003E07E6 /* YFPageViewController.m */,
			);
			path = YFPageViewController;
			sourceTree = "<group>";
		};
		59549FB8208AC8E100BC1594 /* YFIndicatorView */ = {
			isa = PBXGroup;
			children = (
				5979697C208B0F27003E07E6 /* IndexIndicatorCell.h */,
				5979697F208B0F27003E07E6 /* IndexIndicatorCell.m */,
				5979697E208B0F27003E07E6 /* YFIndexIndicatorView.h */,
				5979697D208B0F27003E07E6 /* YFIndexIndicatorView.m */,
			);
			path = YFIndicatorView;
			sourceTree = "<group>";
		};
		59549FC2208AC9EA00BC1594 /* UIView+Extension */ = {
			isa = PBXGroup;
			children = (
				59549FC0208AC9C000BC1594 /* UIView+Extension.h */,
				59549FBF208AC9C000BC1594 /* UIView+Extension.m */,
			);
			path = "UIView+Extension";
			sourceTree = "<group>";
		};
		5979698C208B1DED003E07E6 /* YFProgressHUD */ = {
			isa = PBXGroup;
			children = (
				59796994208B1E0D003E07E6 /* YFProgressHUD.h */,
				59796993208B1E0D003E07E6 /* YFProgressHUD.m */,
				5979698F208B1E08003E07E6 /* YLGIFImage.h */,
				5979698D208B1E08003E07E6 /* YLGIFImage.m */,
				5979698E208B1E08003E07E6 /* YLImageView.h */,
				59796990208B1E08003E07E6 /* YLImageView.m */,
			);
			path = YFProgressHUD;
			sourceTree = "<group>";
		};
		59796996208B1E5E003E07E6 /* YFProgressHUDVC */ = {
			isa = PBXGroup;
			children = (
				59796997208B1E7B003E07E6 /* YFProgressHUDVC.h */,
				59796998208B1E7B003E07E6 /* YFProgressHUDVC.m */,
			);
			path = YFProgressHUDVC;
			sourceTree = "<group>";
		};
		5979699A208B1E98003E07E6 /* Resources */ = {
			isa = PBXGroup;
			children = (
				5979699B208B1E98003E07E6 /* loading_triangle@2x.png */,
				5979699C208B1E98003E07E6 /* loading_triangle@3x.png */,
				5979699D208B1E98003E07E6 /* loading_square@2x.png */,
				5979699E208B1E98003E07E6 /* loading_circle@3x.png */,
				5979699F208B1E98003E07E6 /* loading_circle@2x.png */,
				597969A0208B1E98003E07E6 /* loading_square@3x.png */,
				597969A1208B1E98003E07E6 /* loading_shadow@2x.png */,
				597969A2208B1E98003E07E6 /* loading_shadow@3x.png */,
			);
			path = Resources;
			sourceTree = "<group>";
		};
		59A32644208997C10007EF26 = {
			isa = PBXGroup;
			children = (
				59A3266C20899B3E0007EF26 /* ToolList.plist */,
				59A3266B208998170007EF26 /* YFTool.h */,
				593BA555208D72FB00660098 /* Define.h */,
				59A32666208997F90007EF26 /* YFTools */,
				59A3264F208997C10007EF26 /* YFTool */,
				59A3264E208997C10007EF26 /* Products */,
				29611BCF5DC1C91568C572F1 /* Pods */,
				1130B0406C3DA67558565BF3 /* Frameworks */,
			);
			sourceTree = "<group>";
		};
		59A3264E208997C10007EF26 /* Products */ = {
			isa = PBXGroup;
			children = (
				59A3264D208997C10007EF26 /* YFTool.app */,
			);
			name = Products;
			sourceTree = "<group>";
		};
		59A3264F208997C10007EF26 /* YFTool */ = {
			isa = PBXGroup;
			children = (
				593BA556208D786300660098 /* YFPickerViewVC */,
				59796996208B1E5E003E07E6 /* YFProgressHUDVC */,
				59A3266E20899BA50007EF26 /* YFCollectionViewAutoFlowLayoutVC */,
				59549FB5208AC83B00BC1594 /* YFPageViewControllerVC */,
				59A32650208997C10007EF26 /* AppDelegate.h */,
				59A32651208997C10007EF26 /* AppDelegate.m */,
				59A32653208997C10007EF26 /* ViewController.h */,
				59A32654208997C10007EF26 /* ViewController.m */,
				59A32656208997C10007EF26 /* Main.storyboard */,
				59A32659208997C10007EF26 /* Assets.xcassets */,
				59A3265B208997C10007EF26 /* LaunchScreen.storyboard */,
				59A3265E208997C10007EF26 /* Info.plist */,
				59A3265F208997C10007EF26 /* main.m */,
			);
			path = YFTool;
			sourceTree = "<group>";
		};
		59A32666208997F90007EF26 /* YFTools */ = {
			isa = PBXGroup;
			children = (
				593BA548208D71B300660098 /* YFPickerView */,
				5979699A208B1E98003E07E6 /* Resources */,
				5979698C208B1DED003E07E6 /* YFProgressHUD */,
				59549FC2208AC9EA00BC1594 /* UIView+Extension */,
				59549FB8208AC8E100BC1594 /* YFIndicatorView */,
				59549FB7208AC86D00BC1594 /* YFPageViewController */,
				59A32667208997F90007EF26 /* YFCollectionViewAutoFlowLayout */,
			);
			path = YFTools;
			sourceTree = "<group>";
		};
		59A32667208997F90007EF26 /* YFCollectionViewAutoFlowLayout */ = {
			isa = PBXGroup;
			children = (
				59A32668208997F90007EF26 /* YFCollectionViewAutoFlowLayout.h */,
				59A32669208997F90007EF26 /* YFCollectionViewAutoFlowLayout.m */,
			);
			path = YFCollectionViewAutoFlowLayout;
			sourceTree = "<group>";
		};
		59A3266E20899BA50007EF26 /* YFCollectionViewAutoFlowLayoutVC */ = {
			isa = PBXGroup;
			children = (
				59A3267220899C450007EF26 /* HeaderReusableView.h */,
				59A3267420899C460007EF26 /* HeaderReusableView.m */,
				59A3267320899C460007EF26 /* KindCollectionViewCell.h */,
				59A3267720899C460007EF26 /* KindCollectionViewCell.m */,
				59A3266F20899BFA0007EF26 /* YFCollectionViewAutoFlowLayoutVC.h */,
				59A3267020899BFA0007EF26 /* YFCollectionViewAutoFlowLayoutVC.m */,
			);
			path = YFCollectionViewAutoFlowLayoutVC;
			sourceTree = "<group>";
		};
/* End PBXGroup section */

/* Begin PBXNativeTarget section */
		59A3264C208997C10007EF26 /* YFTool */ = {
			isa = PBXNativeTarget;
			buildConfigurationList = 59A32663208997C10007EF26 /* Build configuration list for PBXNativeTarget "YFTool" */;
			buildPhases = (
				BDF96DEB600470687FB25535 /* [CP] Check Pods Manifest.lock */,
				59A32649208997C10007EF26 /* Sources */,
				59A3264A208997C10007EF26 /* Frameworks */,
				59A3264B208997C10007EF26 /* Resources */,
			);
			buildRules = (
			);
			dependencies = (
			);
			name = YFTool;
			productName = YFTool;
			productReference = 59A3264D208997C10007EF26 /* YFTool.app */;
			productType = "com.apple.product-type.application";
		};
/* End PBXNativeTarget section */

/* Begin PBXProject section */
		59A32645208997C10007EF26 /* Project object */ = {
			isa = PBXProject;
			attributes = {
				LastUpgradeCheck = 0920;
				ORGANIZATIONNAME = jianghu3;
				TargetAttributes = {
					59A3264C208997C10007EF26 = {
						CreatedOnToolsVersion = 9.2;
						ProvisioningStyle = Automatic;
					};
				};
			};
			buildConfigurationList = 59A32648208997C10007EF26 /* Build configuration list for PBXProject "YFTool" */;
			compatibilityVersion = "Xcode 8.0";
			developmentRegion = en;
			hasScannedForEncodings = 0;
			knownRegions = (
				en,
				Base,
			);
			mainGroup = 59A32644208997C10007EF26;
			productRefGroup = 59A3264E208997C10007EF26 /* Products */;
			projectDirPath = "";
			projectRoot = "";
			targets = (
				59A3264C208997C10007EF26 /* YFTool */,
			);
		};
/* End PBXProject section */

/* Begin PBXResourcesBuildPhase section */
		59A3264B208997C10007EF26 /* Resources */ = {
			isa = PBXResourcesBuildPhase;
			buildActionMask = 2147483647;
			files = (
				597969A9208B1E98003E07E6 /* loading_shadow@2x.png in Resources */,
				597969A5208B1E98003E07E6 /* loading_square@2x.png in Resources */,
				597969AA208B1E98003E07E6 /* loading_shadow@3x.png in Resources */,
				597969A4208B1E98003E07E6 /* loading_triangle@3x.png in Resources */,
				597969A6208B1E98003E07E6 /* loading_circle@3x.png in Resources */,
				59A3265D208997C10007EF26 /* LaunchScreen.storyboard in Resources */,
				59A3265A208997C10007EF26 /* Assets.xcassets in Resources */,
				597969A8208B1E98003E07E6 /* loading_square@3x.png in Resources */,
				597969A3208B1E98003E07E6 /* loading_triangle@2x.png in Resources */,
				59A3266D20899B3E0007EF26 /* ToolList.plist in Resources */,
				597969A7208B1E98003E07E6 /* loading_circle@2x.png in Resources */,
				59A32658208997C10007EF26 /* Main.storyboard in Resources */,
			);
			runOnlyForDeploymentPostprocessing = 0;
		};
/* End PBXResourcesBuildPhase section */

/* Begin PBXShellScriptBuildPhase section */
		BDF96DEB600470687FB25535 /* [CP] Check Pods Manifest.lock */ = {
			isa = PBXShellScriptBuildPhase;
			buildActionMask = 2147483647;
			files = (
			);
			inputPaths = (
				"${PODS_PODFILE_DIR_PATH}/Podfile.lock",
				"${PODS_ROOT}/Manifest.lock",
			);
			name = "[CP] Check Pods Manifest.lock";
			outputPaths = (
				"$(DERIVED_FILE_DIR)/Pods-YFTool-checkManifestLockResult.txt",
			);
			runOnlyForDeploymentPostprocessing = 0;
			shellPath = /bin/sh;
			shellScript = "diff \"${PODS_PODFILE_DIR_PATH}/Podfile.lock\" \"${PODS_ROOT}/Manifest.lock\" > /dev/null\nif [ $? != 0 ] ; then\n    # print error to STDERR\n    echo \"error: The sandbox is not in sync with the Podfile.lock. Run 'pod install' or update your CocoaPods installation.\" >&2\n    exit 1\nfi\n# This output is used by Xcode 'outputs' to avoid re-running this script phase.\necho \"SUCCESS\" > \"${SCRIPT_OUTPUT_FILE_0}\"\n";
			showEnvVarsInLog = 0;
		};
/* End PBXShellScriptBuildPhase section */

/* Begin PBXSourcesBuildPhase section */
		59A32649208997C10007EF26 /* Sources */ = {
			isa = PBXSourcesBuildPhase;
			buildActionMask = 2147483647;
			files = (
				59796986208B0F76003E07E6 /* YFBasePageVC.m in Sources */,
				59796999208B1E7B003E07E6 /* YFProgressHUDVC.m in Sources */,
				59549FC1208AC9C000BC1594 /* UIView+Extension.m in Sources */,
				59A3267A20899C460007EF26 /* KindCollectionViewCell.m in Sources */,
				59A3267820899C460007EF26 /* HeaderReusableView.m in Sources */,
				59796987208B0F76003E07E6 /* YFPageViewController.m in Sources */,
				59A3266A208997F90007EF26 /* YFCollectionViewAutoFlowLayout.m in Sources */,
				593BA55C208D7ABF00660098 /* YFSinglePickerView.m in Sources */,
				59796980208B0F27003E07E6 /* YFIndexIndicatorView.m in Sources */,
				59796992208B1E08003E07E6 /* YLImageView.m in Sources */,
				59A3267120899BFA0007EF26 /* YFCollectionViewAutoFlowLayoutVC.m in Sources */,
				59A32655208997C10007EF26 /* ViewController.m in Sources */,
				59796991208B1E08003E07E6 /* YLGIFImage.m in Sources */,
				59A32660208997C10007EF26 /* main.m in Sources */,
				593BA554208D71B400660098 /* YFPickerView.m in Sources */,
				59796981208B0F27003E07E6 /* IndexIndicatorCell.m in Sources */,
				593BA562208D7ED200660098 /* YFThreePickerView.m in Sources */,
				593BA55F208D7ACE00660098 /* YFDoublePickerView.m in Sources */,
				5979698A208B0FBB003E07E6 /* YFPageViewControllerVC.m in Sources */,
				59A32652208997C10007EF26 /* AppDelegate.m in Sources */,
				593BA559208D788200660098 /* YFPickerViewVC.m in Sources */,
				59796995208B1E0D003E07E6 /* YFProgressHUD.m in Sources */,
			);
			runOnlyForDeploymentPostprocessing = 0;
		};
/* End PBXSourcesBuildPhase section */

/* Begin PBXVariantGroup section */
		59A32656208997C10007EF26 /* Main.storyboard */ = {
			isa = PBXVariantGroup;
			children = (
				59A32657208997C10007EF26 /* Base */,
			);
			name = Main.storyboard;
			sourceTree = "<group>";
		};
		59A3265B208997C10007EF26 /* LaunchScreen.storyboard */ = {
			isa = PBXVariantGroup;
			children = (
				59A3265C208997C10007EF26 /* Base */,
			);
			name = LaunchScreen.storyboard;
			sourceTree = "<group>";
		};
/* End PBXVariantGroup section */

/* Begin XCBuildConfiguration section */
		59A32661208997C10007EF26 /* Debug */ = {
			isa = XCBuildConfiguration;
			buildSettings = {
				ALWAYS_SEARCH_USER_PATHS = NO;
				CLANG_ANALYZER_NONNULL = YES;
				CLANG_ANALYZER_NUMBER_OBJECT_CONVERSION = YES_AGGRESSIVE;
				CLANG_CXX_LANGUAGE_STANDARD = "gnu++14";
				CLANG_CXX_LIBRARY = "libc++";
				CLANG_ENABLE_MODULES = YES;
				CLANG_ENABLE_OBJC_ARC = YES;
				CLANG_WARN_BLOCK_CAPTURE_AUTORELEASING = YES;
				CLANG_WARN_BOOL_CONVERSION = YES;
				CLANG_WARN_COMMA = YES;
				CLANG_WARN_CONSTANT_CONVERSION = YES;
				CLANG_WARN_DIRECT_OBJC_ISA_USAGE = YES_ERROR;
				CLANG_WARN_DOCUMENTATION_COMMENTS = YES;
				CLANG_WARN_EMPTY_BODY = YES;
				CLANG_WARN_ENUM_CONVERSION = YES;
				CLANG_WARN_INFINITE_RECURSION = YES;
				CLANG_WARN_INT_CONVERSION = YES;
				CLANG_WARN_NON_LITERAL_NULL_CONVERSION = YES;
				CLANG_WARN_OBJC_LITERAL_CONVERSION = YES;
				CLANG_WARN_OBJC_ROOT_CLASS = YES_ERROR;
				CLANG_WARN_RANGE_LOOP_ANALYSIS = YES;
				CLANG_WARN_STRICT_PROTOTYPES = YES;
				CLANG_WARN_SUSPICIOUS_MOVE = YES;
				CLANG_WARN_UNGUARDED_AVAILABILITY = YES_AGGRESSIVE;
				CLANG_WARN_UNREACHABLE_CODE = YES;
				CLANG_WARN__DUPLICATE_METHOD_MATCH = YES;
				CODE_SIGN_IDENTITY = "iPhone Developer";
				COPY_PHASE_STRIP = NO;
				DEBUG_INFORMATION_FORMAT = dwarf;
				ENABLE_STRICT_OBJC_MSGSEND = YES;
				ENABLE_TESTABILITY = YES;
				GCC_C_LANGUAGE_STANDARD = gnu11;
				GCC_DYNAMIC_NO_PIC = NO;
				GCC_NO_COMMON_BLOCKS = YES;
				GCC_OPTIMIZATION_LEVEL = 0;
				GCC_PREPROCESSOR_DEFINITIONS = (
					"DEBUG=1",
					"$(inherited)",
				);
				GCC_WARN_64_TO_32_BIT_CONVERSION = YES;
				GCC_WARN_ABOUT_RETURN_TYPE = YES_ERROR;
				GCC_WARN_UNDECLARED_SELECTOR = YES;
				GCC_WARN_UNINITIALIZED_AUTOS = YES_AGGRESSIVE;
				GCC_WARN_UNUSED_FUNCTION = YES;
				GCC_WARN_UNUSED_VARIABLE = YES;
				IPHONEOS_DEPLOYMENT_TARGET = 11.2;
				MTL_ENABLE_DEBUG_INFO = YES;
				ONLY_ACTIVE_ARCH = YES;
				SDKROOT = iphoneos;
			};
			name = Debug;
		};
		59A32662208997C10007EF26 /* Release */ = {
			isa = XCBuildConfiguration;
			buildSettings = {
				ALWAYS_SEARCH_USER_PATHS = NO;
				CLANG_ANALYZER_NONNULL = YES;
				CLANG_ANALYZER_NUMBER_OBJECT_CONVERSION = YES_AGGRESSIVE;
				CLANG_CXX_LANGUAGE_STANDARD = "gnu++14";
				CLANG_CXX_LIBRARY = "libc++";
				CLANG_ENABLE_MODULES = YES;
				CLANG_ENABLE_OBJC_ARC = YES;
				CLANG_WARN_BLOCK_CAPTURE_AUTORELEASING = YES;
				CLANG_WARN_BOOL_CONVERSION = YES;
				CLANG_WARN_COMMA = YES;
				CLANG_WARN_CONSTANT_CONVERSION = YES;
				CLANG_WARN_DIRECT_OBJC_ISA_USAGE = YES_ERROR;
				CLANG_WARN_DOCUMENTATION_COMMENTS = YES;
				CLANG_WARN_EMPTY_BODY = YES;
				CLANG_WARN_ENUM_CONVERSION = YES;
				CLANG_WARN_INFINITE_RECURSION = YES;
				CLANG_WARN_INT_CONVERSION = YES;
				CLANG_WARN_NON_LITERAL_NULL_CONVERSION = YES;
				CLANG_WARN_OBJC_LITERAL_CONVERSION = YES;
				CLANG_WARN_OBJC_ROOT_CLASS = YES_ERROR;
				CLANG_WARN_RANGE_LOOP_ANALYSIS = YES;
				CLANG_WARN_STRICT_PROTOTYPES = YES;
				CLANG_WARN_SUSPICIOUS_MOVE = YES;
				CLANG_WARN_UNGUARDED_AVAILABILITY = YES_AGGRESSIVE;
				CLANG_WARN_UNREACHABLE_CODE = YES;
				CLANG_WARN__DUPLICATE_METHOD_MATCH = YES;
				CODE_SIGN_IDENTITY = "iPhone Developer";
				COPY_PHASE_STRIP = NO;
				DEBUG_INFORMATION_FORMAT = "dwarf-with-dsym";
				ENABLE_NS_ASSERTIONS = NO;
				ENABLE_STRICT_OBJC_MSGSEND = YES;
				GCC_C_LANGUAGE_STANDARD = gnu11;
				GCC_NO_COMMON_BLOCKS = YES;
				GCC_WARN_64_TO_32_BIT_CONVERSION = YES;
				GCC_WARN_ABOUT_RETURN_TYPE = YES_ERROR;
				GCC_WARN_UNDECLARED_SELECTOR = YES;
				GCC_WARN_UNINITIALIZED_AUTOS = YES_AGGRESSIVE;
				GCC_WARN_UNUSED_FUNCTION = YES;
				GCC_WARN_UNUSED_VARIABLE = YES;
				IPHONEOS_DEPLOYMENT_TARGET = 11.2;
				MTL_ENABLE_DEBUG_INFO = NO;
				SDKROOT = iphoneos;
				VALIDATE_PRODUCT = YES;
			};
			name = Release;
		};
		59A32664208997C10007EF26 /* Debug */ = {
			isa = XCBuildConfiguration;
			baseConfigurationReference = D1AA4F5163FF9CE4075765E8 /* Pods-YFTool.debug.xcconfig */;
			buildSettings = {
				ASSETCATALOG_COMPILER_APPICON_NAME = AppIcon;
				CODE_SIGN_STYLE = Automatic;
				INFOPLIST_FILE = YFTool/Info.plist;
				IPHONEOS_DEPLOYMENT_TARGET = 9.0;
				LD_RUNPATH_SEARCH_PATHS = "$(inherited) @executable_path/Frameworks";
				PRODUCT_BUNDLE_IDENTIFIER = com.jianghu.YFTool;
				PRODUCT_NAME = "$(TARGET_NAME)";
				TARGETED_DEVICE_FAMILY = "1,2";
			};
			name = Debug;
		};
		59A32665208997C10007EF26 /* Release */ = {
			isa = XCBuildConfiguration;
			baseConfigurationReference = C240DFE857EC8A07B49CBCCE /* Pods-YFTool.release.xcconfig */;
			buildSettings = {
				ASSETCATALOG_COMPILER_APPICON_NAME = AppIcon;
				CODE_SIGN_STYLE = Automatic;
				INFOPLIST_FILE = YFTool/Info.plist;
				IPHONEOS_DEPLOYMENT_TARGET = 9.0;
				LD_RUNPATH_SEARCH_PATHS = "$(inherited) @executable_path/Frameworks";
				PRODUCT_BUNDLE_IDENTIFIER = com.jianghu.YFTool;
				PRODUCT_NAME = "$(TARGET_NAME)";
				TARGETED_DEVICE_FAMILY = "1,2";
			};
			name = Release;
		};
/* End XCBuildConfiguration section */

/* Begin XCConfigurationList section */
		59A32648208997C10007EF26 /* Build configuration list for PBXProject "YFTool" */ = {
			isa = XCConfigurationList;
			buildConfigurations = (
				59A32661208997C10007EF26 /* Debug */,
				59A32662208997C10007EF26 /* Release */,
			);
			defaultConfigurationIsVisible = 0;
			defaultConfigurationName = Release;
		};
		59A32663208997C10007EF26 /* Build configuration list for PBXNativeTarget "YFTool" */ = {
			isa = XCConfigurationList;
			buildConfigurations = (
				59A32664208997C10007EF26 /* Debug */,
				59A32665208997C10007EF26 /* Release */,
			);
			defaultConfigurationIsVisible = 0;
			defaultConfigurationName = Release;
		};
/* End XCConfigurationList section */
	};
	rootObject = 59A32645208997C10007EF26 /* Project object */;
}
